
Microsoft Visual Studio Solution File, Format Version 12.00
# Visual Studio Version 16
VisualStudioVersion = 16.0.30523.141
MinimumVisualStudioVersion = 10.0.40219.1
Project("{FAE04EC0-301F-11D3-BF4B-00C04F79EFBC}") = "DesignPatterns", "DesignPatterns.csproj", "{2520C128-6ADA-4F24-98C4-B90B1C9D1685}"
EndProject
Global
	GlobalSection(SolutionConfigurationPlatforms) = preSolution
		Debug|Any CPU = Debug|Any CPU
		Release|Any CPU = Release|Any CPU
	EndGlobalSection
	GlobalSection(ProjectConfigurationPlatforms) = postSolution
		{2520C128-6ADA-4F24-98C4-B90B1C9D1685}.Debug|Any CPU.ActiveCfg = Debug|Any CPU
		{2520C128-6ADA-4F24-98C4-B90B1C9D1685}.Debug|Any CPU.Build.0 = Debug|Any CPU
		{2520C128-6ADA-4F24-98C4-B90B1C9D1685}.Release|Any CPU.ActiveCfg = Release|Any CPU
		{2520C128-6ADA-4F24-98C4-B90B1C9D1685}.Release|Any CPU.Build.0 = Release|Any CPU
	EndGlobalSection
	GlobalSection(SolutionProperties) = preSolution
		HideSolutionNode = FALSE
	EndGlobalSection
	GlobalSection(ExtensibilityGlobals) = postSolution
		SolutionGuid = {7B9C7B8E-B31F-4478-8382-0702017E679D}
	EndGlobalSection
EndGlobal
